
Microsoft Visual Studio Solution File, Format Version 12.00
# Visual Studio 15
VisualStudioVersion = 15.0.27130.2003
MinimumVisualStudioVersion = 10.0.40219.1
Project("{FAE04EC0-301F-11D3-BF4B-00C04F79EFBC}") = "MusicApp", "MusicApp\MusicApp.csproj", "{7A316954-1470-4416-9A3B-F57D2CD792A9}"
EndProject
Project("{FAE04EC0-301F-11D3-BF4B-00C04F79EFBC}") = "Engine", "Engine\Engine.csproj", "{DD3536A2-7C66-49BC-B6CD-BB87A593BD40}"
EndProject
Global
	GlobalSection(SolutionConfigurationPlatforms) = preSolution
		Debug|Any CPU = Debug|Any CPU
		Release|Any CPU = Release|Any CPU
	EndGlobalSection
	GlobalSection(ProjectConfigurationPlatforms) = postSolution
		{7A316954-1470-4416-9A3B-F57D2CD792A9}.Debug|Any CPU.ActiveCfg = Debug|Any CPU
		{7A316954-1470-4416-9A3B-F57D2CD792A9}.Debug|Any CPU.Build.0 = Debug|Any CPU
		{7A316954-1470-4416-9A3B-F57D2CD792A9}.Release|Any CPU.ActiveCfg = Release|Any CPU
		{7A316954-1470-4416-9A3B-F57D2CD792A9}.Release|Any CPU.Build.0 = Release|Any CPU
		{DD3536A2-7C66-49BC-B6CD-BB87A593BD40}.Debug|Any CPU.ActiveCfg = Debug|Any CPU
		{DD3536A2-7C66-49BC-B6CD-BB87A593BD40}.Debug|Any CPU.Build.0 = Debug|Any CPU
		{DD3536A2-7C66-49BC-B6CD-BB87A593BD40}.Release|Any CPU.ActiveCfg = Release|Any CPU
		{DD3536A2-7C66-49BC-B6CD-BB87A593BD40}.Release|Any CPU.Build.0 = Release|Any CPU
	EndGlobalSection
	GlobalSection(SolutionProperties) = preSolution
		HideSolutionNode = FALSE
	EndGlobalSection
	GlobalSection(ExtensibilityGlobals) = postSolution
		SolutionGuid = {2F570308-8BE7-4D95-A33E-11E485DF7733}
	EndGlobalSection
EndGlobal
